%{
  "bertex": {:hex, :bertex, "1.3.0", "0ad0df9159b5110d9d2b6654f72fbf42a54884ef43b6b651e6224c0af30ba3cb", [:mix], [], "hexpm", "0a5d5e478bb5764b7b7bae37cae1ca491200e58b089df121a2fe1c223d8ee57a"},
  "bunt": {:hex, :bunt, "0.2.0", "951c6e801e8b1d2cbe58ebbd3e616a869061ddadcc4863d0a2182541acae9a38", [:mix], [], "hexpm", "7af5c7e09fe1d40f76c8e4f9dd2be7cebd83909f31fee7cd0e9eadc567da8353"},
  "castore": {:hex, :castore, "0.1.17", "ba672681de4e51ed8ec1f74ed624d104c0db72742ea1a5e74edbc770c815182f", [:mix], [], "hexpm", "d9844227ed52d26e7519224525cb6868650c272d4a3d327ce3ca5570c12163f9"},
  "certifi": {:hex, :certifi, "2.10.0", "a4ab316320bfca83bd0b57fd022d091555d42a30eefabb38063887158294773a", [:rebar3], [], "hexpm", "e87a9dd6e7fe9c5804887850d4cdbcd83db4da7a27f928174f11e4e06fb7902e"},
  "chacha20": {:hex, :chacha20, "1.0.3", "26372176993172260968b36b4e7bc2e007e6b2b397ae08083e4836df67cdf03c", [:mix], [], "hexpm", "27f23b680e63f04b5bced77a9d8867033b381c091f92d544de0ad93accfb7cec"},
  "connection": {:hex, :connection, "1.1.0", "ff2a49c4b75b6fb3e674bfc5536451607270aac754ffd1bdfe175abe4a6d7a68", [:mix], [], "hexpm", "722c1eb0a418fbe91ba7bd59a47e28008a189d47e37e0e7bb85585a016b2869c"},
  "cowlib": {:hex, :remedy_cowlib, "2.11.1", "7abb4d0779a7d1c655f7642dc0bd0af754951e95005dfa01b500c68fe35a5961", [:rebar3], [], "hexpm", "0b613dc308e080cb6134285f1b1b55c3873e101652e70c70010fc6651c91b130"},
  "credo": {:hex, :credo, "1.6.1", "7dc76dcdb764a4316c1596804c48eada9fff44bd4b733a91ccbf0c0f368be61e", [:mix], [{:bunt, "~> 0.2.0", [hex: :bunt, repo: "hexpm", optional: false]}, {:file_system, "~> 0.2.8", [hex: :file_system, repo: "hexpm", optional: false]}, {:jason, "~> 1.0", [hex: :jason, repo: "hexpm", optional: false]}], "hexpm", "698607fb5993720c7e93d2d8e76f2175bba024de964e160e2f7151ef3ab82ac5"},
  "curve25519": {:hex, :curve25519, "1.0.4", "e570561b832c29b3ce4fd8b9fcd9c9546916188860568f1c1fc9428d7cb00894", [:mix], [], "hexpm", "1a068bf9646e7067bf6aa5bf802b404002734e09bb5300f098109df03e31f9f5"},
  "db_connection": {:hex, :db_connection, "2.3.1", "4c9f3ed1ef37471cbdd2762d6655be11e38193904d9c5c1c9389f1b891a3088e", [:mix], [{:connection, "~> 1.0", [hex: :connection, repo: "hexpm", optional: false]}], "hexpm", "abaab61780dde30301d840417890bd9f74131041afd02174cf4e10635b3a63f5"},
  "decimal": {:hex, :decimal, "2.0.0", "a78296e617b0f5dd4c6caf57c714431347912ffb1d0842e998e9792b5642d697", [:mix], [], "hexpm", "34666e9c55dea81013e77d9d87370fe6cb6291d1ef32f46a1600230b1d44f577"},
  "dialyxir": {:hex, :dialyxir, "1.0.0", "6a1fa629f7881a9f5aaf3a78f094b2a51a0357c843871b8bc98824e7342d00a5", [:mix], [{:erlex, ">= 0.2.6", [hex: :erlex, repo: "hexpm", optional: false]}], "hexpm", "aeb06588145fac14ca08d8061a142d52753dbc2cf7f0d00fc1013f53f8654654"},
  "ecto": {:hex, :ecto, "3.5.5", "48219a991bb86daba6e38a1e64f8cea540cded58950ff38fbc8163e062281a07", [:mix], [{:decimal, "~> 1.6 or ~> 2.0", [hex: :decimal, repo: "hexpm", optional: false]}, {:jason, "~> 1.0", [hex: :jason, repo: "hexpm", optional: true]}, {:telemetry, "~> 0.4", [hex: :telemetry, repo: "hexpm", optional: false]}], "hexpm", "98dd0e5e1de7f45beca6130d13116eae675db59adfa055fb79612406acf6f6f1"},
  "ecto_sql": {:hex, :ecto_sql, "3.5.3", "1964df0305538364b97cc4661a2bd2b6c89d803e66e5655e4e55ff1571943efd", [:mix], [{:db_connection, "~> 2.2", [hex: :db_connection, repo: "hexpm", optional: false]}, {:ecto, "~> 3.5.0", [hex: :ecto, repo: "hexpm", optional: false]}, {:myxql, "~> 0.3.0 or ~> 0.4.0", [hex: :myxql, repo: "hexpm", optional: true]}, {:postgrex, "~> 0.15.0", [hex: :postgrex, repo: "hexpm", optional: true]}, {:tds, "~> 2.1.1", [hex: :tds, repo: "hexpm", optional: true]}, {:telemetry, "~> 0.4.0", [hex: :telemetry, repo: "hexpm", optional: false]}], "hexpm", "d2f53592432ce17d3978feb8f43e8dc0705e288b0890caf06d449785f018061c"},
  "ed25519": {:hex, :ed25519, "1.4.1", "479fb83c3e31987c9cad780e6aeb8f2015fb5a482618cdf2a825c9aff809afc4", [:mix], [], "hexpm", "0dacb84f3faa3d8148e81019ca35f9d8dcee13232c32c9db5c2fb8ff48c80ec7"},
  "equivalex": {:hex, :equivalex, "1.0.3", "170d9a82ae066e0020dfe1cf7811381669565922eb3359f6c91d7e9a1124ff74", [:mix], [], "hexpm", "46fa311adb855117d36e461b9c0ad2598f72110ad17ad73d7533c78020e045fc"},
  "erlex": {:hex, :erlex, "0.2.6", "c7987d15e899c7a2f34f5420d2a2ea0d659682c06ac607572df55a43753aa12e", [:mix], [], "hexpm", "2ed2e25711feb44d52b17d2780eabf998452f6efda104877a3881c2f8c0c0c75"},
  "etso": {:hex, :etso, "0.1.6", "174b6d66c4a509e1a205564a8a4103e3a342dc05d8669a320275a1a154b14b8b", [:mix], [{:ecto, "~> 3.0", [hex: :ecto, repo: "hexpm", optional: false]}], "hexpm", "664431097b2e2abf6c8827e806f7bce03eaff73c7811b96d270711836a4132f3"},
  "file_system": {:hex, :file_system, "0.2.10", "fb082005a9cd1711c05b5248710f8826b02d7d1784e7c3451f9c1231d4fc162d", [:mix], [], "hexpm", "41195edbfb562a593726eda3b3e8b103a309b733ad25f3d642ba49696bf715dc"},
  "finch": {:hex, :finch, "0.12.0", "6bbb3e0bb62dd91cd1217d9682a30f5bfc9b0b74950bf10a0b4d4399c2076892", [:mix], [{:castore, "~> 0.1", [hex: :castore, repo: "hexpm", optional: false]}, {:mime, "~> 1.0 or ~> 2.0", [hex: :mime, repo: "hexpm", optional: false]}, {:mint, "~> 1.3", [hex: :mint, repo: "hexpm", optional: false]}, {:nimble_options, "~> 0.4.0", [hex: :nimble_options, repo: "hexpm", optional: false]}, {:nimble_pool, "~> 0.2.6", [hex: :nimble_pool, repo: "hexpm", optional: false]}, {:telemetry, "~> 0.4 or ~> 1.0", [hex: :telemetry, repo: "hexpm", optional: false]}], "hexpm", "320da3f32459e7dcb77f4271b4f2445ba6c5d32cc3c7cca8e2cff599e24be5a6"},
  "gen_stage": {:hex, :gen_stage, "1.1.2", "b1656cd4ba431ed02c5656fe10cb5423820847113a07218da68eae5d6a260c23", [:mix], [], "hexpm", "9e39af23140f704e2b07a3e29d8f05fd21c2aaf4088ff43cb82be4b9e3148d02"},
  "gun": {:hex, :remedy_gun, "2.0.1", "0f0caed812ed9e4da4f144df2d5bf73b0a99481d395ecde990a3791decf321c6", [:rebar3], [{:cowlib, "~> 2.11.1", [hex: :remedy_cowlib, repo: "hexpm", optional: false]}], "hexpm", "b6685a85fbd12b757f86809be1b3d88fcef365b77605cd5aa34db003294c446e"},
  "hackney": {:hex, :hackney, "1.17.4", "99da4674592504d3fb0cfef0db84c3ba02b4508bae2dff8c0108baa0d6e0977c", [:rebar3], [{:certifi, "~>2.6.1", [hex: :certifi, repo: "hexpm", optional: false]}, {:idna, "~>6.1.0", [hex: :idna, repo: "hexpm", optional: false]}, {:metrics, "~>1.0.0", [hex: :metrics, repo: "hexpm", optional: false]}, {:mimerl, "~>1.1", [hex: :mimerl, repo: "hexpm", optional: false]}, {:parse_trans, "3.3.1", [hex: :parse_trans, repo: "hexpm", optional: false]}, {:ssl_verify_fun, "~>1.1.0", [hex: :ssl_verify_fun, repo: "hexpm", optional: false]}, {:unicode_util_compat, "~>0.7.0", [hex: :unicode_util_compat, repo: "hexpm", optional: false]}], "hexpm", "de16ff4996556c8548d512f4dbe22dd58a587bf3332e7fd362430a7ef3986b16"},
  "hpax": {:hex, :hpax, "0.1.1", "2396c313683ada39e98c20a75a82911592b47e5c24391363343bde74f82396ca", [:mix], [], "hexpm", "0ae7d5a0b04a8a60caf7a39fcf3ec476f35cc2cc16c05abea730d3ce6ac6c826"},
  "httpoison": {:hex, :httpoison, "1.8.0", "6b85dea15820b7804ef607ff78406ab449dd78bed923a49c7160e1886e987a3d", [:mix], [{:hackney, "~> 1.17", [hex: :hackney, repo: "hexpm", optional: false]}], "hexpm", "28089eaa98cf90c66265b6b5ad87c59a3729bea2e74e9d08f9b51eb9729b3c3a"},
  "idna": {:hex, :idna, "6.1.1", "8a63070e9f7d0c62eb9d9fcb360a7de382448200fbbd1b106cc96d3d8099df8d", [:rebar3], [{:unicode_util_compat, "~>0.7.0", [hex: :unicode_util_compat, repo: "hexpm", optional: false]}], "hexpm", "92376eb7894412ed19ac475e4a86f7b413c1b9fbb5bd16dccd57934157944cea"},
  "jason": {:hex, :jason, "1.4.0", "e855647bc964a44e2f67df589ccf49105ae039d4179db7f6271dfd3843dc27e6", [:mix], [{:decimal, "~> 1.0 or ~> 2.0", [hex: :decimal, repo: "hexpm", optional: true]}], "hexpm", "79a3791085b2a0f743ca04cec0f7be26443738779d09302e01318f97bdb82121"},
  "kcl": {:hex, :kcl, "1.4.2", "8b73a55a14899dc172fcb05a13a754ac171c8165c14f65043382d567922f44ab", [:mix], [{:curve25519, ">= 1.0.4", [hex: :curve25519, repo: "hexpm", optional: false]}, {:ed25519, "~> 1.3", [hex: :ed25519, repo: "hexpm", optional: false]}, {:poly1305, "~> 1.0", [hex: :poly1305, repo: "hexpm", optional: false]}, {:salsa20, "~> 1.0", [hex: :salsa20, repo: "hexpm", optional: false]}], "hexpm", "9f083dd3844d902df6834b258564a82b21a15eb9f6acdc98e8df0c10feeabf05"},
  "logflare_api_client": {:hex, :logflare_api_client, "0.3.2", "f885d3ae8bf5f000569f3d9cf3df85dd66633e0e48d4068051c5991ea4009c64", [:mix], [{:bertex, "~> 1.3", [hex: :bertex, repo: "hexpm", optional: false]}, {:castore, "~> 0.1", [hex: :castore, repo: "hexpm", optional: false]}, {:finch, "~> 0.8", [hex: :finch, repo: "hexpm", optional: false]}, {:jason, ">= 1.0.0", [hex: :jason, repo: "hexpm", optional: false]}, {:mint, "~> 1.3.0", [hex: :mint, repo: "hexpm", optional: false]}, {:tesla, "~> 1.4.0", [hex: :tesla, repo: "hexpm", optional: false]}], "hexpm", "30e3306f909d9f39a8bd3db2a13c34407ad1e2e8574bf247de56e8b2a0e01c0a"},
  "logflare_logger_backend": {:hex, :logflare_logger_backend, "0.11.0", "2fa6c33e8dcbb0247b37b68f402934ae9ae26f589848ed05f9bb521a9e9b50f8", [:mix], [{:bertex, "~> 1.3", [hex: :bertex, repo: "hexpm", optional: false]}, {:etso, "~> 0.1.2", [hex: :etso, repo: "hexpm", optional: false]}, {:logflare_api_client, "~> 0.3.2", [hex: :logflare_api_client, repo: "hexpm", optional: false]}, {:typed_struct, ">= 0.0.0", [hex: :typed_struct, repo: "hexpm", optional: false]}], "hexpm", "8f6f1b22ff5bad3d1af803cd31ec324d2ea3cc438cee8fadb0f81004c44849f5"},
  "metrics": {:hex, :metrics, "1.0.1", "25f094dea2cda98213cecc3aeff09e940299d950904393b2a29d191c346a8486", [:rebar3], [], "hexpm", "69b09adddc4f74a40716ae54d140f93beb0fb8978d8636eaded0c31b6f099f16"},
  "mime": {:hex, :mime, "2.0.3", "3676436d3d1f7b81b5a2d2bd8405f412c677558c81b1c92be58c00562bb59095", [:mix], [], "hexpm", "27a30bf0db44d25eecba73755acf4068cbfe26a4372f9eb3e4ea3a45956bff6b"},
  "mimerl": {:hex, :mimerl, "1.2.0", "67e2d3f571088d5cfd3e550c383094b47159f3eee8ffa08e64106cdf5e981be3", [:rebar3], [], "hexpm", "f278585650aa581986264638ebf698f8bb19df297f66ad91b18910dfc6e19323"},
  "mint": {:hex, :mint, "1.3.0", "396b3301102f7b775e103da5a20494b25753aed818d6d6f0ad222a3a018c3600", [:mix], [{:castore, "~> 0.1.0", [hex: :castore, repo: "hexpm", optional: true]}], "hexpm", "a9aac960562e43ca69a77e5176576abfa78b8398cec5543dd4fb4ab0131d5c1e"},
  "nimble_options": {:hex, :nimble_options, "0.4.0", "c89babbab52221a24b8d1ff9e7d838be70f0d871be823165c94dd3418eea728f", [:mix], [], "hexpm", "e6701c1af326a11eea9634a3b1c62b475339ace9456c1a23ec3bc9a847bca02d"},
  "nimble_pool": {:hex, :nimble_pool, "0.2.6", "91f2f4c357da4c4a0a548286c84a3a28004f68f05609b4534526871a22053cde", [:mix], [], "hexpm", "1c715055095d3f2705c4e236c18b618420a35490da94149ff8b580a2144f653f"},
  "nostrum": {:git, "https://github.com/Kraigie/nostrum.git", "4b61499ec695f0a0196bbfcd239b872b47147004", [ref: "4b61499ec695f0a0196bbfcd239b872b47147004"]},
  "parse_trans": {:hex, :parse_trans, "3.3.1", "16328ab840cc09919bd10dab29e431da3af9e9e7e7e6f0089dd5a2d2820011d8", [:rebar3], [], "hexpm", "07cd9577885f56362d414e8c4c4e6bdf10d43a8767abb92d24cbe8b24c54888b"},
  "poison": {:hex, :poison, "3.1.0", "d9eb636610e096f86f25d9a46f35a9facac35609a7591b3be3326e99a0484665", [:mix], [], "hexpm", "fec8660eb7733ee4117b85f55799fd3833eb769a6df71ccf8903e8dc5447cfce"},
  "poly1305": {:hex, :poly1305, "1.0.4", "7cdc8961a0a6e00a764835918cdb8ade868044026df8ef5d718708ea6cc06611", [:mix], [{:chacha20, "~> 1.0", [hex: :chacha20, repo: "hexpm", optional: false]}, {:equivalex, "~> 1.0", [hex: :equivalex, repo: "hexpm", optional: false]}], "hexpm", "e14e684661a5195e149b3139db4a1693579d4659d65bba115a307529c47dbc3b"},
  "porcelain": {:hex, :porcelain, "2.0.3", "2d77b17d1f21fed875b8c5ecba72a01533db2013bd2e5e62c6d286c029150fdc", [:mix], [], "hexpm", "dc996ab8fadbc09912c787c7ab8673065e50ea1a6245177b0c24569013d23620"},
  "postgrex": {:hex, :postgrex, "0.15.7", "724410acd48abac529d0faa6c2a379fb8ae2088e31247687b16cacc0e0883372", [:mix], [{:connection, "~> 1.0", [hex: :connection, repo: "hexpm", optional: false]}, {:db_connection, "~> 2.1", [hex: :db_connection, repo: "hexpm", optional: false]}, {:decimal, "~> 1.5 or ~> 2.0", [hex: :decimal, repo: "hexpm", optional: false]}, {:jason, "~> 1.0", [hex: :jason, repo: "hexpm", optional: true]}], "hexpm", "88310c010ff047cecd73d5ceca1d99205e4b1ab1b9abfdab7e00f5c9d20ef8f9"},
  "salsa20": {:hex, :salsa20, "1.0.3", "fb900fc9b26b713a98618f3c6d6b6c35a5514477c6047caca8d03f3a70175ab0", [:mix], [], "hexpm", "91cbfa537f369d074a79f926f36a6c2ac24fba12cbadcb23aa04a759282887fe"},
  "ssl_verify_fun": {:hex, :ssl_verify_fun, "1.1.6", "cf344f5692c82d2cd7554f5ec8fd961548d4fd09e7d22f5b62482e5aeaebd4b0", [:make, :mix, :rebar3], [], "hexpm", "bdb0d2471f453c88ff3908e7686f86f9be327d065cc1ec16fa4540197ea04680"},
  "telemetry": {:hex, :telemetry, "0.4.2", "2808c992455e08d6177322f14d3bdb6b625fbcfd233a73505870d8738a2f4599", [:rebar3], [], "hexpm", "2d1419bd9dda6a206d7b5852179511722e2b18812310d304620c7bd92a13fcef"},
  "tesla": {:hex, :tesla, "1.4.4", "bb89aa0c9745190930366f6a2ac612cdf2d0e4d7fff449861baa7875afd797b2", [:mix], [{:castore, "~> 0.1", [hex: :castore, repo: "hexpm", optional: true]}, {:exjsx, ">= 3.0.0", [hex: :exjsx, repo: "hexpm", optional: true]}, {:finch, "~> 0.3", [hex: :finch, repo: "hexpm", optional: true]}, {:fuse, "~> 2.4", [hex: :fuse, repo: "hexpm", optional: true]}, {:gun, "~> 1.3", [hex: :gun, repo: "hexpm", optional: true]}, {:hackney, "~> 1.6", [hex: :hackney, repo: "hexpm", optional: true]}, {:ibrowse, "4.4.0", [hex: :ibrowse, repo: "hexpm", optional: true]}, {:jason, ">= 1.0.0", [hex: :jason, repo: "hexpm", optional: true]}, {:mime, "~> 1.0 or ~> 2.0", [hex: :mime, repo: "hexpm", optional: false]}, {:mint, "~> 1.0", [hex: :mint, repo: "hexpm", optional: true]}, {:poison, ">= 1.0.0", [hex: :poison, repo: "hexpm", optional: true]}, {:telemetry, "~> 0.4 or ~> 1.0", [hex: :telemetry, repo: "hexpm", optional: true]}], "hexpm", "d5503a49f9dec1b287567ea8712d085947e247cb11b06bc54adb05bfde466457"},
  "typed_struct": {:hex, :typed_struct, "0.3.0", "939789e3c1dca39d7170c87f729127469d1315dcf99fee8e152bb774b17e7ff7", [:mix], [], "hexpm", "c50bd5c3a61fe4e198a8504f939be3d3c85903b382bde4865579bc23111d1b6d"},
  "unicode_util_compat": {:hex, :unicode_util_compat, "0.7.0", "bc84380c9ab48177092f43ac89e4dfa2c6d62b40b8bd132b1059ecc7232f9a78", [:rebar3], [], "hexpm", "25eee6d67df61960cf6a794239566599b09e17e668d3700247bc498638152521"},
}
